
Microsoft Visual Studio Solution File, Format Version 12.00
# Visual Studio 15
VisualStudioVersion = 15.0.28307.572
MinimumVisualStudioVersion = 10.0.40219.1
Project("{FAE04EC0-301F-11D3-BF4B-00C04F79EFBC}") = "BBSPA_ListGenerator", "BBSPA_ListGenerator\BBSPA_ListGenerator.csproj", "{153EE245-B87F-410B-A01C-D347452D284C}"
EndProject
Global
	GlobalSection(SolutionConfigurationPlatforms) = preSolution
		Debug|Any CPU = Debug|Any CPU
		Release|Any CPU = Release|Any CPU
	EndGlobalSection
	GlobalSection(ProjectConfigurationPlatforms) = postSolution
		{153EE245-B87F-410B-A01C-D347452D284C}.Debug|Any CPU.ActiveCfg = Debug|Any CPU
		{153EE245-B87F-410B-A01C-D347452D284C}.Debug|Any CPU.Build.0 = Debug|Any CPU
		{153EE245-B87F-410B-A01C-D347452D284C}.Release|Any CPU.ActiveCfg = Release|Any CPU
		{153EE245-B87F-410B-A01C-D347452D284C}.Release|Any CPU.Build.0 = Release|Any CPU
	EndGlobalSection
	GlobalSection(SolutionProperties) = preSolution
		HideSolutionNode = FALSE
	EndGlobalSection
	GlobalSection(ExtensibilityGlobals) = postSolution
		SolutionGuid = {918F39FE-7172-4F8E-97B7-6EEF6223FC91}
	EndGlobalSection
EndGlobal
